
Microsoft Visual Studio Solution File, Format Version 12.00
# Visual Studio Version 16
VisualStudioVersion = 16.0.30523.141
MinimumVisualStudioVersion = 10.0.40219.1
Project("{840C416C-B8F3-42BC-B0DD-F6BB14C9F8CB}") = "Installer", "Installer\Installer.aiproj", "{D66132C4-9F90-4BCB-A4D2-F01A64692A66}"
EndProject
Project("{FAE04EC0-301F-11D3-BF4B-00C04F79EFBC}") = "DatabaseBackupperWindowsService", "DatabaseBackupperWindowsService\DatabaseBackupperWindowsService.csproj", "{CEED5E3B-D3D4-474E-9280-0AB609F2E840}"
EndProject
Project("{FAE04EC0-301F-11D3-BF4B-00C04F79EFBC}") = "DomainModel", "DomainModel\DomainModel.csproj", "{4E447230-53E7-4223-A9DE-A6E2594D2076}"
EndProject
Project("{FAE04EC0-301F-11D3-BF4B-00C04F79EFBC}") = "Presentation", "Presentation\Presentation.csproj", "{79028C61-48FB-421F-ABBF-335E30DF8EA5}"
EndProject
Project("{FAE04EC0-301F-11D3-BF4B-00C04F79EFBC}") = "UI", "UI\UI.csproj", "{24BD4BFF-20CE-426A-938D-694F8ABA70C9}"
EndProject
Project("{FAE04EC0-301F-11D3-BF4B-00C04F79EFBC}") = "Server", "Server\Server.csproj", "{02E14D5D-19A6-472B-B3DB-A526BC5770CF}"
EndProject
Project("{FAE04EC0-301F-11D3-BF4B-00C04F79EFBC}") = "Presentation.Tests", "Presentation.Tests\Presentation.Tests.csproj", "{57D3EDFD-5017-4F7E-9C37-2502821012C1}"
EndProject
Global
	GlobalSection(SolutionConfigurationPlatforms) = preSolution
		All|Any CPU = All|Any CPU
		Debug|Any CPU = Debug|Any CPU
		Release|Any CPU = Release|Any CPU
	EndGlobalSection
	GlobalSection(ProjectConfigurationPlatforms) = postSolution
		{D66132C4-9F90-4BCB-A4D2-F01A64692A66}.All|Any CPU.ActiveCfg = DefaultBuild
		{D66132C4-9F90-4BCB-A4D2-F01A64692A66}.Debug|Any CPU.ActiveCfg = DefaultBuild
		{D66132C4-9F90-4BCB-A4D2-F01A64692A66}.Release|Any CPU.ActiveCfg = DefaultBuild
		{CEED5E3B-D3D4-474E-9280-0AB609F2E840}.All|Any CPU.ActiveCfg = Debug|Any CPU
		{CEED5E3B-D3D4-474E-9280-0AB609F2E840}.All|Any CPU.Build.0 = Debug|Any CPU
		{CEED5E3B-D3D4-474E-9280-0AB609F2E840}.Debug|Any CPU.ActiveCfg = Debug|Any CPU
		{CEED5E3B-D3D4-474E-9280-0AB609F2E840}.Debug|Any CPU.Build.0 = Debug|Any CPU
		{CEED5E3B-D3D4-474E-9280-0AB609F2E840}.Release|Any CPU.ActiveCfg = Release|Any CPU
		{CEED5E3B-D3D4-474E-9280-0AB609F2E840}.Release|Any CPU.Build.0 = Release|Any CPU
		{4E447230-53E7-4223-A9DE-A6E2594D2076}.All|Any CPU.ActiveCfg = Debug|Any CPU
		{4E447230-53E7-4223-A9DE-A6E2594D2076}.All|Any CPU.Build.0 = Debug|Any CPU
		{4E447230-53E7-4223-A9DE-A6E2594D2076}.Debug|Any CPU.ActiveCfg = Debug|Any CPU
		{4E447230-53E7-4223-A9DE-A6E2594D2076}.Debug|Any CPU.Build.0 = Debug|Any CPU
		{4E447230-53E7-4223-A9DE-A6E2594D2076}.Release|Any CPU.ActiveCfg = Release|Any CPU
		{4E447230-53E7-4223-A9DE-A6E2594D2076}.Release|Any CPU.Build.0 = Release|Any CPU
		{79028C61-48FB-421F-ABBF-335E30DF8EA5}.All|Any CPU.ActiveCfg = Debug|Any CPU
		{79028C61-48FB-421F-ABBF-335E30DF8EA5}.All|Any CPU.Build.0 = Debug|Any CPU
		{79028C61-48FB-421F-ABBF-335E30DF8EA5}.Debug|Any CPU.ActiveCfg = Debug|Any CPU
		{79028C61-48FB-421F-ABBF-335E30DF8EA5}.Debug|Any CPU.Build.0 = Debug|Any CPU
		{79028C61-48FB-421F-ABBF-335E30DF8EA5}.Release|Any CPU.ActiveCfg = Release|Any CPU
		{79028C61-48FB-421F-ABBF-335E30DF8EA5}.Release|Any CPU.Build.0 = Release|Any CPU
		{24BD4BFF-20CE-426A-938D-694F8ABA70C9}.All|Any CPU.ActiveCfg = Debug|Any CPU
		{24BD4BFF-20CE-426A-938D-694F8ABA70C9}.All|Any CPU.Build.0 = Debug|Any CPU
		{24BD4BFF-20CE-426A-938D-694F8ABA70C9}.Debug|Any CPU.ActiveCfg = Debug|Any CPU
		{24BD4BFF-20CE-426A-938D-694F8ABA70C9}.Debug|Any CPU.Build.0 = Debug|Any CPU
		{24BD4BFF-20CE-426A-938D-694F8ABA70C9}.Release|Any CPU.ActiveCfg = Release|Any CPU
		{24BD4BFF-20CE-426A-938D-694F8ABA70C9}.Release|Any CPU.Build.0 = Release|Any CPU
		{02E14D5D-19A6-472B-B3DB-A526BC5770CF}.All|Any CPU.ActiveCfg = Release|Any CPU
		{02E14D5D-19A6-472B-B3DB-A526BC5770CF}.All|Any CPU.Build.0 = Release|Any CPU
		{02E14D5D-19A6-472B-B3DB-A526BC5770CF}.Debug|Any CPU.ActiveCfg = Debug|Any CPU
		{02E14D5D-19A6-472B-B3DB-A526BC5770CF}.Debug|Any CPU.Build.0 = Debug|Any CPU
		{02E14D5D-19A6-472B-B3DB-A526BC5770CF}.Release|Any CPU.ActiveCfg = Release|Any CPU
		{02E14D5D-19A6-472B-B3DB-A526BC5770CF}.Release|Any CPU.Build.0 = Release|Any CPU
		{57D3EDFD-5017-4F7E-9C37-2502821012C1}.All|Any CPU.ActiveCfg = Debug|Any CPU
		{57D3EDFD-5017-4F7E-9C37-2502821012C1}.All|Any CPU.Build.0 = Debug|Any CPU
		{57D3EDFD-5017-4F7E-9C37-2502821012C1}.Debug|Any CPU.ActiveCfg = Debug|Any CPU
		{57D3EDFD-5017-4F7E-9C37-2502821012C1}.Debug|Any CPU.Build.0 = Debug|Any CPU
		{57D3EDFD-5017-4F7E-9C37-2502821012C1}.Release|Any CPU.ActiveCfg = Release|Any CPU
		{57D3EDFD-5017-4F7E-9C37-2502821012C1}.Release|Any CPU.Build.0 = Release|Any CPU
	EndGlobalSection
	GlobalSection(SolutionProperties) = preSolution
		HideSolutionNode = FALSE
	EndGlobalSection
	GlobalSection(ExtensibilityGlobals) = postSolution
		SolutionGuid = {6A682D51-CFB7-410A-9A4D-D18B3E6953D3}
	EndGlobalSection
EndGlobal
