
Microsoft Visual Studio Solution File, Format Version 12.00
# Visual Studio Version 16
VisualStudioVersion = 16.0.30523.141
MinimumVisualStudioVersion = 10.0.40219.1
Project("{FAE04EC0-301F-11D3-BF4B-00C04F79EFBC}") = "DatabaseBackupperWindowsLibrary", "DatabaseBackupperWindowsLibrary\DatabaseBackupperWindowsLibrary.csproj", "{5E4285BB-0999-40F5-9C64-EC76BDE61440}"
EndProject
Project("{FAE04EC0-301F-11D3-BF4B-00C04F79EFBC}") = "DatabaseBackupperWindowsApp", "DatabaseBackupperWindowsApp\DatabaseBackupperWindowsApp.csproj", "{4BED6CFD-1486-44FF-ADB4-86DFCD1E0459}"
EndProject
Global
	GlobalSection(SolutionConfigurationPlatforms) = preSolution
		Debug|Any CPU = Debug|Any CPU
		Release|Any CPU = Release|Any CPU
	EndGlobalSection
	GlobalSection(ProjectConfigurationPlatforms) = postSolution
		{5E4285BB-0999-40F5-9C64-EC76BDE61440}.Debug|Any CPU.ActiveCfg = Debug|Any CPU
		{5E4285BB-0999-40F5-9C64-EC76BDE61440}.Debug|Any CPU.Build.0 = Debug|Any CPU
		{5E4285BB-0999-40F5-9C64-EC76BDE61440}.Release|Any CPU.ActiveCfg = Release|Any CPU
		{5E4285BB-0999-40F5-9C64-EC76BDE61440}.Release|Any CPU.Build.0 = Release|Any CPU
		{4BED6CFD-1486-44FF-ADB4-86DFCD1E0459}.Debug|Any CPU.ActiveCfg = Debug|Any CPU
		{4BED6CFD-1486-44FF-ADB4-86DFCD1E0459}.Debug|Any CPU.Build.0 = Debug|Any CPU
		{4BED6CFD-1486-44FF-ADB4-86DFCD1E0459}.Release|Any CPU.ActiveCfg = Release|Any CPU
		{4BED6CFD-1486-44FF-ADB4-86DFCD1E0459}.Release|Any CPU.Build.0 = Release|Any CPU
	EndGlobalSection
	GlobalSection(SolutionProperties) = preSolution
		HideSolutionNode = FALSE
	EndGlobalSection
	GlobalSection(ExtensibilityGlobals) = postSolution
		SolutionGuid = {6A682D51-CFB7-410A-9A4D-D18B3E6953D3}
	EndGlobalSection
EndGlobal
